
Microsoft Visual Studio Solution File, Format Version 12.00
# Visual Studio 15
VisualStudioVersion = 15.0.27703.2035
MinimumVisualStudioVersion = 10.0.40219.1
Project("{FAE04EC0-301F-11D3-BF4B-00C04F79EFBC}") = "MyMementoPattern", "MyMementoPattern\MyMementoPattern.csproj", "{699AE040-CEEB-4271-ACA4-1F08AEAB9274}"
EndProject
Global
	GlobalSection(SolutionConfigurationPlatforms) = preSolution
		Debug|Any CPU = Debug|Any CPU
		Release|Any CPU = Release|Any CPU
	EndGlobalSection
	GlobalSection(ProjectConfigurationPlatforms) = postSolution
		{699AE040-CEEB-4271-ACA4-1F08AEAB9274}.Debug|Any CPU.ActiveCfg = Debug|Any CPU
		{699AE040-CEEB-4271-ACA4-1F08AEAB9274}.Debug|Any CPU.Build.0 = Debug|Any CPU
		{699AE040-CEEB-4271-ACA4-1F08AEAB9274}.Release|Any CPU.ActiveCfg = Release|Any CPU
		{699AE040-CEEB-4271-ACA4-1F08AEAB9274}.Release|Any CPU.Build.0 = Release|Any CPU
	EndGlobalSection
	GlobalSection(SolutionProperties) = preSolution
		HideSolutionNode = FALSE
	EndGlobalSection
	GlobalSection(ExtensibilityGlobals) = postSolution
		SolutionGuid = {D4A74677-EF94-4E04-891A-7DAFF67329C6}
	EndGlobalSection
EndGlobal
